
Microsoft Visual Studio Solution File, Format Version 12.00
# Visual Studio 15
VisualStudioVersion = 15.0.27428.2037
MinimumVisualStudioVersion = 10.0.40219.1
Project("{FAE04EC0-301F-11D3-BF4B-00C04F79EFBC}") = "EIPForm", "EIPForm\EIPForm.csproj", "{E9E6DD5B-B0DD-4BD7-BCF4-68724B19AEE2}"
EndProject
Global
	GlobalSection(SolutionConfigurationPlatforms) = preSolution
		Debug|Any CPU = Debug|Any CPU
		Release|Any CPU = Release|Any CPU
	EndGlobalSection
	GlobalSection(ProjectConfigurationPlatforms) = postSolution
		{E9E6DD5B-B0DD-4BD7-BCF4-68724B19AEE2}.Debug|Any CPU.ActiveCfg = Debug|Any CPU
		{E9E6DD5B-B0DD-4BD7-BCF4-68724B19AEE2}.Debug|Any CPU.Build.0 = Debug|Any CPU
		{E9E6DD5B-B0DD-4BD7-BCF4-68724B19AEE2}.Release|Any CPU.ActiveCfg = Release|Any CPU
		{E9E6DD5B-B0DD-4BD7-BCF4-68724B19AEE2}.Release|Any CPU.Build.0 = Release|Any CPU
	EndGlobalSection
	GlobalSection(SolutionProperties) = preSolution
		HideSolutionNode = FALSE
	EndGlobalSection
	GlobalSection(ExtensibilityGlobals) = postSolution
		SolutionGuid = {956FEFD2-4379-44DF-9BFD-EDA0B68C8349}
	EndGlobalSection
EndGlobal
